{
    "_readme": [
        "This file locks the dependencies of your project to a known state",
        "Read more about it at https://getcomposer.org/doc/01-basic-usage.md#installing-dependencies",
        "This file is @generated automatically"
    ],
    "content-hash": "9d4b05da8d80fbd938b843ca174c25c8",
    "packages": [
        {
            "name": "nette/utils",
            "version": "v4.0.5",
            "source": {
                "type": "git",
                "url": "https://github.com/nette/utils.git",
                "reference": "736c567e257dbe0fcf6ce81b4d6dbe05c6899f96"
            },
            "dist": {
                "type": "zip",
                "url": "https://api.github.com/repos/nette/utils/zipball/736c567e257dbe0fcf6ce81b4d6dbe05c6899f96",
                "reference": "736c567e257dbe0fcf6ce81b4d6dbe05c6899f96",
                "shasum": ""
            },
            "require": {
                "php": "8.0 - 8.4"
            },
            "conflict": {
                "nette/finder": "<3",
                "nette/schema": "<1.2.2"
            },
            "require-dev": {
                "jetbrains/phpstorm-attributes": "dev-master",
                "nette/tester": "^2.5",
                "phpstan/phpstan": "^1.0",
                "tracy/tracy": "^2.9"
            },
            "suggest": {
                "ext-gd": "to use Image",
                "ext-iconv": "to use Strings::webalize(), toAscii(), chr() and reverse()",
                "ext-intl": "to use Strings::webalize(), toAscii(), normalize() and compare()",
                "ext-json": "to use Nette\\Utils\\Json",
                "ext-mbstring": "to use Strings::lower() etc...",
                "ext-tokenizer": "to use Nette\\Utils\\Reflection::getUseStatements()"
            },
            "type": "library",
            "extra": {
                "branch-alias": {
                    "dev-master": "4.0-dev"
                }
            },
            "autoload": {
                "classmap": [
                    "src/"
                ]
            },
            "notification-url": "https://packagist.org/downloads/",
            "license": [
                "BSD-3-Clause",
                "GPL-2.0-only",
                "GPL-3.0-only"
            ],
            "authors": [
                {
                    "name": "David Grudl",
                    "homepage": "https://davidgrudl.com"
                },
                {
                    "name": "Nette Community",
                    "homepage": "https://nette.org/contributors"
                }
            ],
            "description": "🛠  Nette Utils: lightweight utilities for string & array manipulation, image handling, safe JSON encoding/decoding, validation, slug or strong password generating etc.",
            "homepage": "https://nette.org",
            "keywords": [
                "array",
                "core",
                "datetime",
                "images",
                "json",
                "nette",
                "paginator",
                "password",
                "slugify",
                "string",
                "unicode",
                "utf-8",
                "utility",
                "validation"
            ],
            "support": {
                "issues": "https://github.com/nette/utils/issues",
                "source": "https://github.com/nette/utils/tree/v4.0.5"
            },
            "time": "2024-08-07T15:39:19+00:00"
        }
    ],
    "packages-dev": [
        {
            "name": "phpstan/phpstan",
            "version": "1.12.0",
            "source": {
                "type": "git",
                "url": "https://github.com/phpstan/phpstan.git",
                "reference": "384af967d35b2162f69526c7276acadce534d0e1"
            },
            "dist": {
                "type": "zip",
                "url": "https://api.github.com/repos/phpstan/phpstan/zipball/384af967d35b2162f69526c7276acadce534d0e1",
                "reference": "384af967d35b2162f69526c7276acadce534d0e1",
                "shasum": ""
            },
            "require": {
                "php": "^7.2|^8.0"
            },
            "conflict": {
                "phpstan/phpstan-shim": "*"
            },
            "bin": [
                "phpstan",
                "phpstan.phar"
            ],
            "type": "library",
            "autoload": {
                "files": [
                    "bootstrap.php"
                ]
            },
            "notification-url": "https://packagist.org/downloads/",
            "license": [
                "MIT"
            ],
            "description": "PHPStan - PHP Static Analysis Tool",
            "keywords": [
                "dev",
                "static analysis"
            ],
            "support": {
                "docs": "https://phpstan.org/user-guide/getting-started",
                "forum": "https://github.com/phpstan/phpstan/discussions",
                "issues": "https://github.com/phpstan/phpstan/issues",
                "security": "https://github.com/phpstan/phpstan/security/policy",
                "source": "https://github.com/phpstan/phpstan-src"
            },
            "funding": [
                {
                    "url": "https://github.com/ondrejmirtes",
                    "type": "github"
                },
                {
                    "url": "https://github.com/phpstan",
                    "type": "github"
                }
            ],
            "time": "2024-08-27T09:18:05+00:00"
        },
        {
            "name": "phpstan/phpstan-nette",
            "version": "1.3.8",
            "source": {
                "type": "git",
                "url": "https://github.com/phpstan/phpstan-nette.git",
                "reference": "bc74b8b208b47f163fe55708fcf1a0333247fa79"
            },
            "dist": {
                "type": "zip",
                "url": "https://api.github.com/repos/phpstan/phpstan-nette/zipball/bc74b8b208b47f163fe55708fcf1a0333247fa79",
                "reference": "bc74b8b208b47f163fe55708fcf1a0333247fa79",
                "shasum": ""
            },
            "require": {
                "php": "^7.2 || ^8.0",
                "phpstan/phpstan": "^1.11.11"
            },
            "conflict": {
                "nette/application": "<2.3.0",
                "nette/component-model": "<2.3.0",
                "nette/di": "<2.3.0",
                "nette/forms": "<2.3.0",
                "nette/http": "<2.3.0",
                "nette/utils": "<2.3.0"
            },
            "require-dev": {
                "nette/application": "^3.0",
                "nette/forms": "^3.0",
                "nette/utils": "^2.3.0 || ^3.0.0",
                "nikic/php-parser": "^4.13.2",
                "php-parallel-lint/php-parallel-lint": "^1.2",
                "phpstan/phpstan-phpunit": "^1.0",
                "phpstan/phpstan-strict-rules": "^1.0",
                "phpunit/phpunit": "~9.5.28"
            },
            "type": "phpstan-extension",
            "extra": {
                "phpstan": {
                    "includes": [
                        "extension.neon",
                        "rules.neon"
                    ]
                }
            },
            "autoload": {
                "psr-4": {
                    "PHPStan\\": "src/"
                }
            },
            "notification-url": "https://packagist.org/downloads/",
            "license": [
                "MIT"
            ],
            "description": "Nette Framework class reflection extension for PHPStan",
            "support": {
                "issues": "https://github.com/phpstan/phpstan-nette/issues",
                "source": "https://github.com/phpstan/phpstan-nette/tree/1.3.8"
            },
            "time": "2024-08-25T12:11:12+00:00"
        }
    ],
    "aliases": [],
    "minimum-stability": "stable",
    "stability-flags": [],
    "prefer-stable": false,
    "prefer-lowest": false,
    "platform": [],
    "platform-dev": [],
    "plugin-api-version": "2.6.0"
}
